
Microsoft Visual Studio Solution File, Format Version 12.00
# Visual Studio Version 17
VisualStudioVersion = 17.2.32516.85
MinimumVisualStudioVersion = 10.0.40219.1
Project("{FAE04EC0-301F-11D3-BF4B-00C04F79EFBC}") = "Presentacion", "form4\Presentacion.csproj", "{CDBE92AA-C816-45AC-A5C0-096E21AB5639}"
EndProject
Project("{FAE04EC0-301F-11D3-BF4B-00C04F79EFBC}") = "Modelos", "biblioteca1\Modelos.csproj", "{BD02BB53-80CE-4EA6-B716-3C45FF96011E}"
EndProject
Project("{FAE04EC0-301F-11D3-BF4B-00C04F79EFBC}") = "Logica", "biblioteca2\Logica.csproj", "{B2B99313-0F33-42FA-A21A-4DFE13A2DAA2}"
EndProject
Global
	GlobalSection(SolutionConfigurationPlatforms) = preSolution
		Debug|Any CPU = Debug|Any CPU
		Release|Any CPU = Release|Any CPU
	EndGlobalSection
	GlobalSection(ProjectConfigurationPlatforms) = postSolution
		{CDBE92AA-C816-45AC-A5C0-096E21AB5639}.Debug|Any CPU.ActiveCfg = Debug|Any CPU
		{CDBE92AA-C816-45AC-A5C0-096E21AB5639}.Debug|Any CPU.Build.0 = Debug|Any CPU
		{CDBE92AA-C816-45AC-A5C0-096E21AB5639}.Release|Any CPU.ActiveCfg = Release|Any CPU
		{CDBE92AA-C816-45AC-A5C0-096E21AB5639}.Release|Any CPU.Build.0 = Release|Any CPU
		{BD02BB53-80CE-4EA6-B716-3C45FF96011E}.Debug|Any CPU.ActiveCfg = Debug|Any CPU
		{BD02BB53-80CE-4EA6-B716-3C45FF96011E}.Debug|Any CPU.Build.0 = Debug|Any CPU
		{BD02BB53-80CE-4EA6-B716-3C45FF96011E}.Release|Any CPU.ActiveCfg = Release|Any CPU
		{BD02BB53-80CE-4EA6-B716-3C45FF96011E}.Release|Any CPU.Build.0 = Release|Any CPU
		{B2B99313-0F33-42FA-A21A-4DFE13A2DAA2}.Debug|Any CPU.ActiveCfg = Debug|Any CPU
		{B2B99313-0F33-42FA-A21A-4DFE13A2DAA2}.Debug|Any CPU.Build.0 = Debug|Any CPU
		{B2B99313-0F33-42FA-A21A-4DFE13A2DAA2}.Release|Any CPU.ActiveCfg = Release|Any CPU
		{B2B99313-0F33-42FA-A21A-4DFE13A2DAA2}.Release|Any CPU.Build.0 = Release|Any CPU
	EndGlobalSection
	GlobalSection(SolutionProperties) = preSolution
		HideSolutionNode = FALSE
	EndGlobalSection
	GlobalSection(ExtensibilityGlobals) = postSolution
		SolutionGuid = {6385C7F9-3451-4E5F-A105-84E81F47AB9F}
	EndGlobalSection
EndGlobal
